{
  "version": 1,
  "dependencies": {
    "net10.0": {
      "Google.Protobuf": {
        "type": "Direct",
        "requested": "[3.30.1, )",
        "resolved": "3.30.1",
        "contentHash": "HeWXDQBabQn/sCGicbeLJ0HMunknfC4FdLrOQOsaMJHcpqx3HVIpyyJqTrqJlWnza870twhOb+rBcaTiC/TlNA=="
      },
      "Grpc.AspNetCore": {
        "type": "Direct",
        "requested": "[2.67.0, )",
        "resolved": "2.67.0",
        "contentHash": "WjC3+Ri748j6IHYY73zwRPzJV0WFN97h9IkXrgcghk0WAgewDr03uUJzaSMC+qW1O7PcQNdUg3Pfb+73v0pxIQ==",
        "dependencies": {
          "Google.Protobuf": "3.27.0",
          "Grpc.AspNetCore.Server.ClientFactory": "2.67.0",
          "Grpc.Tools": "2.67.0"
        }
      },
      "Grpc.Net.Client": {
        "type": "Direct",
        "requested": "[2.67.0, )",
        "resolved": "2.67.0",
        "contentHash": "ofTjJQfegWkVlk5R4k/LlwpcucpsBzntygd4iAeuKd/eLMkmBWoXN+xcjYJ5IibAahRpIJU461jABZvT6E9dwA==",
        "dependencies": {
          "Grpc.Net.Common": "2.67.0"
        }
      },
      "Grpc.Net.ClientFactory": {
        "type": "Direct",
        "requested": "[2.67.0, )",
        "resolved": "2.67.0",
        "contentHash": "owkRL6j8ZXvLnn8SsFGCRiWoe/2wGv+u+TASAylzUtGbHLnw7IiFRoeTs0IgpCNTETvlMLVb0gHDiLGo+mJZ6g==",
        "dependencies": {
          "Grpc.Net.Client": "2.67.0"
        }
      },
      "Grpc.Tools": {
        "type": "Direct",
        "requested": "[2.70.0, )",
        "resolved": "2.70.0",
        "contentHash": "Mibx8fUC1ihh1jZU5+yy7nR4C05FPSI1uKAtSaLkorU3xX/6XNWhuZhku5BuWdw2FRPuWKDfpts5f7a1UUqH2g=="
      },
      "Microsoft.Extensions.Caching.StackExchangeRedis": {
        "type": "Direct",
        "requested": "[10.0.0-rc.2.25502.107, )",
        "resolved": "10.0.0-rc.2.25502.107",
        "contentHash": "BMzq2leDc2wS3zSMHmwlcuEOh5smX9T8JnhbXW0mn2fseMStSIXGzLAse/eWPcRMxoVkha9+R184vXnVlQtrug==",
        "dependencies": {
          "Microsoft.Extensions.Caching.Abstractions": "10.0.0-rc.2.25502.107",
          "Microsoft.Extensions.Logging.Abstractions": "10.0.0-rc.2.25502.107",
          "Microsoft.Extensions.Options": "10.0.0-rc.2.25502.107",
          "StackExchange.Redis": "2.7.27"
        }
      },
      "Npgsql.EntityFrameworkCore.PostgreSQL": {
        "type": "Direct",
        "requested": "[10.0.0-rc.2, )",
        "resolved": "10.0.0-rc.2",
        "contentHash": "2GE99lO5bNeFd66B6HUvMCNDpCV9Dyw4pt1GlQYA9MqnsVd/s0poFL6v3x4osV8znwevZhxjg5itVpmVirW7QQ==",
        "dependencies": {
          "Microsoft.EntityFrameworkCore": "[10.0.0-rc.2.25502.107]",
          "Microsoft.EntityFrameworkCore.Relational": "[10.0.0-rc.2.25502.107]",
          "Npgsql": "10.0.0-rc.1"
        }
      },
      "StackExchange.Redis": {
        "type": "Direct",
        "requested": "[2.8.24, )",
        "resolved": "2.8.24",
        "contentHash": "GWllmsFAtLyhm4C47cOCipGxyEi1NQWTFUHXnJ8hiHOsK/bH3T5eLkWPVW+LRL6jDiB3g3izW3YEHgLuPoJSyA==",
        "dependencies": {
          "Pipelines.Sockets.Unofficial": "2.2.8"
        }
      },
      "Swashbuckle.AspNetCore": {
        "type": "Direct",
        "requested": "[10.2.3, )",
        "resolved": "10.2.3",
        "contentHash": "8KNh1RWvofdU6DVLyBs4Z/OpUMnmf8oNvJQc0QxpwySRbi42bwLfdVMMrXZWANg5U5KQGQq1xW6r/hlcqw99tQ==",
        "dependencies": {
          "Microsoft.Extensions.ApiDescription.Server": "10.0.0",
          "Swashbuckle.AspNetCore.Swagger": "10.2.3",
          "Swashbuckle.AspNetCore.SwaggerGen": "10.2.3",
          "Swashbuckle.AspNetCore.SwaggerUI": "10.2.3"
        }
      },
      "Grpc.AspNetCore.Server": {
        "type": "Transitive",
        "resolved": "2.67.0",
        "contentHash": "CDWB7GLhi4XN2Luw7gDbZQhGaMuMb9yDDwbBc9MMfmXFJvzALEK1hsbBaILzd8uDmX9E5VPMcqQ4mQyHvQ2HmA==",
        "dependencies": {
          "Grpc.Net.Common": "2.67.0"
        }
      },
      "Grpc.AspNetCore.Server.ClientFactory": {
        "type": "Transitive",
        "resolved": "2.67.0",
        "contentHash": "O5qaBd7T8yph5JHikA3lafYqsn+2QPM7Dwk0e/7HniiM4cIHpfdiBX5TSy/+5IIppZ27QeLYFgftK7QsG9uIkQ==",
        "dependencies": {
          "Grpc.AspNetCore.Server": "2.67.0",
          "Grpc.Net.ClientFactory": "2.67.0"
        }
      },
      "Grpc.Core.Api": {
        "type": "Transitive",
        "resolved": "2.67.0",
        "contentHash": "cL1/2f8kc8lsAGNdfCU25deedXVehhLA6GXKLLN4hAWx16XN7BmjYn3gFU+FBpir5yJynvDTHEypr3Tl0j7x/Q=="
      },
      "Grpc.Net.Common": {
        "type": "Transitive",
        "resolved": "2.67.0",
        "contentHash": "gazn1cD2Eol0/W5ZJRV4PYbNrxJ9oMs8pGYux5S9E4MymClvl7aqYSmpqgmWAUWvziRqK9K+yt3cjCMfQ3x/5A==",
        "dependencies": {
          "Grpc.Core.Api": "2.67.0"
        }
      },
      "Microsoft.EntityFrameworkCore": {
        "type": "Transitive",
        "resolved": "10.0.0-rc.2.25502.107",
        "contentHash": "Zx81hY7e1SBSTFV7u/UmDRSemfTN3jTj2mtdGrKealCMLCdR5qIarPx3OX8eXK6cr+QVoB0e+ygoIq2aMMrJAQ==",
        "dependencies": {
          "Microsoft.EntityFrameworkCore.Abstractions": "10.0.0-rc.2.25502.107",
          "Microsoft.EntityFrameworkCore.Analyzers": "10.0.0-rc.2.25502.107",
          "Microsoft.Extensions.Caching.Memory": "10.0.0-rc.2.25502.107",
          "Microsoft.Extensions.Logging": "10.0.0-rc.2.25502.107"
        }
      },
      "Microsoft.EntityFrameworkCore.Abstractions": {
        "type": "Transitive",
        "resolved": "10.0.0-rc.2.25502.107",
        "contentHash": "TbkTMhQxPoHahVFb83i+3+ZnJJKnzp4qdhLblXl1VnLX7A695aUTY+sAY05Rn052PAXA61MpqY3DXmdRWGdYQQ=="
      },
      "Microsoft.EntityFrameworkCore.Analyzers": {
        "type": "Transitive",
        "resolved": "10.0.0-rc.2.25502.107",
        "contentHash": "wWHWVZXIq+4YtO8fd6qlwtyr0CN0vpHAW3PoabbncAvNUwJoPIZ1EDrdsb9n9e13a6X5b1rsv1YSaJez6KzL1A=="
      },
      "Microsoft.EntityFrameworkCore.Relational": {
        "type": "Transitive",
        "resolved": "10.0.0-rc.2.25502.107",
        "contentHash": "s4zFt5n0xVCPdE4gR1QKi4tyr5VFHg/ZTEBrLu6n9epZrkDLmTj+q/enmxc9JyQ6y7cUUTPmG+qknBebTLGDUg==",
        "dependencies": {
          "Microsoft.EntityFrameworkCore": "10.0.0-rc.2.25502.107",
          "Microsoft.Extensions.Caching.Memory": "10.0.0-rc.2.25502.107",
          "Microsoft.Extensions.Configuration.Abstractions": "10.0.0-rc.2.25502.107",
          "Microsoft.Extensions.Logging": "10.0.0-rc.2.25502.107"
        }
      },
      "Microsoft.Extensions.ApiDescription.Server": {
        "type": "Transitive",
        "resolved": "10.0.0",
        "contentHash": "NCWCGiwRwje8773yzPQhvucYnnfeR+ZoB1VRIrIMp4uaeUNw7jvEPHij3HIbwCDuNCrNcphA00KSAR9yD9qmbg=="
      },
      "Microsoft.Extensions.Caching.Abstractions": {
        "type": "Transitive",
        "resolved": "10.0.0-rc.2.25502.107",
        "contentHash": "L2Gbh0jdeDY+WdmszIuw9QdZ4LsQPv3B2YNEqE5k/G0ZiuZPVRivYmy2JR4EdiUgp6vf1pD8MjrV5oSwTPtCzQ==",
        "dependencies": {
          "Microsoft.Extensions.Primitives": "10.0.0-rc.2.25502.107"
        }
      },
      "Microsoft.Extensions.Caching.Memory": {
        "type": "Transitive",
        "resolved": "10.0.0-rc.2.25502.107",
        "contentHash": "Dx8v9xVaQOjF1CCVT+dYsXjna12k8RTbSL3X7Pef6IUZ1hAt/6CnhBhVYP9UvIY8iornbKhAmlZ8c8Tq2L5Fww==",
        "dependencies": {
          "Microsoft.Extensions.Caching.Abstractions": "10.0.0-rc.2.25502.107",
          "Microsoft.Extensions.DependencyInjection.Abstractions": "10.0.0-rc.2.25502.107",
          "Microsoft.Extensions.Logging.Abstractions": "10.0.0-rc.2.25502.107",
          "Microsoft.Extensions.Options": "10.0.0-rc.2.25502.107",
          "Microsoft.Extensions.Primitives": "10.0.0-rc.2.25502.107"
        }
      },
      "Microsoft.Extensions.Configuration.Abstractions": {
        "type": "Transitive",
        "resolved": "10.0.0-rc.2.25502.107",
        "contentHash": "H+i/Qy30Rg/K9BcW2Z6DCHPCzwMH3bCwNOjEz31shWTUDK8GeeeMnrKVusprTcRA2Y6yPST+hg2zc3whPEs14Q==",
        "dependencies": {
          "Microsoft.Extensions.Primitives": "10.0.0-rc.2.25502.107"
        }
      },
      "Microsoft.Extensions.DependencyInjection": {
        "type": "Transitive",
        "resolved": "10.0.0-rc.2.25502.107",
        "contentHash": "mDw80K98jBWCyLFCra51PRv+Ttnjse1lZIzXEFybKby0/ajBFTEeHj/4r/QJexmb8Uun0yaFH1HlFtmHP1YEVA==",
        "dependencies": {
          "Microsoft.Extensions.DependencyInjection.Abstractions": "10.0.0-rc.2.25502.107"
        }
      },
      "Microsoft.Extensions.DependencyInjection.Abstractions": {
        "type": "Transitive",
        "resolved": "10.0.0-rc.2.25502.107",
        "contentHash": "8jujunpkNNfTkE9PFHp9/aD6GPKVfNCuz8tUbzOcyU5tQOCoIZId4hwQNVx3Tb8XEWw9BYdh0k5vPpqdCM+UtA=="
      },
      "Microsoft.Extensions.Logging": {
        "type": "Transitive",
        "resolved": "10.0.0-rc.2.25502.107",
        "contentHash": "q2C5gq86qkTmcYSJJSnw8sgTUyuqENYSOjk/NOYjHnYlKSrK3oI9Rjv1bWFpx2I3Btq9ZBEJb9aMM+IUQ0PvZA==",
        "dependencies": {
          "Microsoft.Extensions.DependencyInjection": "10.0.0-rc.2.25502.107",
          "Microsoft.Extensions.Logging.Abstractions": "10.0.0-rc.2.25502.107",
          "Microsoft.Extensions.Options": "10.0.0-rc.2.25502.107"
        }
      },
      "Microsoft.Extensions.Logging.Abstractions": {
        "type": "Transitive",
        "resolved": "10.0.0-rc.2.25502.107",
        "contentHash": "SKKKZjyCpBaDQ7yuFjdk6ELnRBRWeZsbnzUfo59Wc4PGhgf92chE3we/QlT6nk6NqlWcUgH/jogM+B/uq/Qdnw==",
        "dependencies": {
          "Microsoft.Extensions.DependencyInjection.Abstractions": "10.0.0-rc.2.25502.107"
        }
      },
      "Microsoft.Extensions.Options": {
        "type": "Transitive",
        "resolved": "10.0.0-rc.2.25502.107",
        "contentHash": "Ib6BCCjisp7ZUdhtNpSulFO0ODhz/IE4ZZd8OCqQWoRs363BQ0QOZi9KwpqpiEWo51S0kIXWqNicDPGXwpt9pQ==",
        "dependencies": {
          "Microsoft.Extensions.DependencyInjection.Abstractions": "10.0.0-rc.2.25502.107",
          "Microsoft.Extensions.Primitives": "10.0.0-rc.2.25502.107"
        }
      },
      "Microsoft.Extensions.Primitives": {
        "type": "Transitive",
        "resolved": "10.0.0-rc.2.25502.107",
        "contentHash": "9pm2zqqn5u/OsKs2zgkhJEQQeMx9KkVOWPdHrs7Kt5sfpk+eIh/gmpi/mMH/ljS2T/PFsFdCEtm+GS/6l7zoZA=="
      },
      "Microsoft.OpenApi": {
        "type": "Transitive",
        "resolved": "2.7.5",
        "contentHash": "0FA67RSnRM4tcBKqiqVu/HPdZ9+QOKbmeRjxRUGTCjPU4C0bmUhd97Dso7Yild5P7nOV6GxJ2xrK0Kv/O9xp0w=="
      },
      "Npgsql": {
        "type": "Transitive",
        "resolved": "10.0.0-rc.1",
        "contentHash": "kORndN04os9mv9l1MtEBoXydufX2TINDR5wgcmh7vsn+0x7AwfrCgOKana3Sz/WlRQ9KsaWHWPnFQ7ZKF+ck7Q==",
        "dependencies": {
          "Microsoft.Extensions.Logging.Abstractions": "10.0.0-rc.1.25451.107"
        }
      },
      "Pipelines.Sockets.Unofficial": {
        "type": "Transitive",
        "resolved": "2.2.8",
        "contentHash": "zG2FApP5zxSx6OcdJQLbZDk2AVlN2BNQD6MorwIfV6gVj0RRxWPEp2LXAxqDGZqeNV1Zp0BNPcNaey/GXmTdvQ=="
      },
      "Swashbuckle.AspNetCore.Swagger": {
        "type": "Transitive",
        "resolved": "10.2.3",
        "contentHash": "1jUUs3WQnrS0FUtaZPLSy1yYMEwS1zlvDmvQ2/eldPHUANX0LJSLVZecCMgSMdeGiRqeaRrIXLtSz++TCiTMww==",
        "dependencies": {
          "Microsoft.OpenApi": "2.7.5"
        }
      },
      "Swashbuckle.AspNetCore.SwaggerGen": {
        "type": "Transitive",
        "resolved": "10.2.3",
        "contentHash": "y7t4coDRAeFYChmvlMRiH2OjbiRrm9AVIDgt17fQfs3x9PVAI5PiwWYOhg+4F13R4Q36WDc9lqfoOnNa3tNbGg==",
        "dependencies": {
          "Swashbuckle.AspNetCore.Swagger": "10.2.3"
        }
      },
      "Swashbuckle.AspNetCore.SwaggerUI": {
        "type": "Transitive",
        "resolved": "10.2.3",
        "contentHash": "nthWONRs/FJ4yyG206g1cC52WEG8EqrjuMWjGdR+5XG7lbjFto6NqcI9EMICgVFom/UivIjUVwI76ZHbHwTPfQ=="
      }
    }
  }
}